{
  "lockfileVersion": 1,
  "configVersion": 0,
  "workspaces": {
    "": {
      "name": "signum-node-openapi",
      "dependencies": {
        "openapi-types": "^7.2.3",
      },
      "devDependencies": {
        "mjson": "^0.4.2",
        "swagger-cli": "^4.0.4",
      },
    },
  },
  "packages": {
    "@apidevtools/json-schema-ref-parser": ["@apidevtools/json-schema-ref-parser@9.0.6", "", { "dependencies": { "@jsdevtools/ono": "^7.1.3", "call-me-maybe": "^1.0.1", "js-yaml": "^3.13.1" } }, "sha512-M3YgsLjI0lZxvrpeGVk9Ap032W6TPQkH6pRAZz81Ac3WUNF79VQooAFnp8umjvVzUmD93NkogxEwbSce7qMsUg=="],

    "@apidevtools/openapi-schemas": ["@apidevtools/openapi-schemas@2.1.0", "", {}, "sha512-Zc1AlqrJlX3SlpupFGpiLi2EbteyP7fXmUOGup6/DnkRgjP9bgMM/ag+n91rsv0U1Gpz0H3VILA/o3bW7Ua6BQ=="],

    "@apidevtools/swagger-cli": ["@apidevtools/swagger-cli@4.0.4", "", { "dependencies": { "@apidevtools/swagger-parser": "^10.0.1", "chalk": "^4.1.0", "js-yaml": "^3.14.0", "yargs": "^15.4.1" }, "bin": { "swagger-cli": "bin/swagger-cli.js" } }, "sha512-hdDT3B6GLVovCsRZYDi3+wMcB1HfetTU20l2DC8zD3iFRNMC6QNAZG5fo/6PYeHWBEv7ri4MvnlKodhNB0nt7g=="],

    "@apidevtools/swagger-methods": ["@apidevtools/swagger-methods@3.0.2", "", {}, "sha512-QAkD5kK2b1WfjDS/UQn/qQkbwF31uqRjPTrsCs5ZG9BQGAkjwvqGFjjPqAuzac/IYzpPtRzjCP1WrTuAIjMrXg=="],

    "@apidevtools/swagger-parser": ["@apidevtools/swagger-parser@10.1.0", "", { "dependencies": { "@apidevtools/json-schema-ref-parser": "9.0.6", "@apidevtools/openapi-schemas": "^2.1.0", "@apidevtools/swagger-methods": "^3.0.2", "@jsdevtools/ono": "^7.1.3", "ajv": "^8.6.3", "ajv-draft-04": "^1.0.0", "call-me-maybe": "^1.0.1" }, "peerDependencies": { "openapi-types": ">=7" } }, "sha512-9Kt7EuS/7WbMAUv2gSziqjvxwDbFSg3Xeyfuj5laUODX8o/k/CpsAKiQ8W7/R88eXFTMbJYg6+7uAmOWNKmwnw=="],

    "@jsdevtools/ono": ["@jsdevtools/ono@7.1.3", "", {}, "sha512-4JQNk+3mVzK3xh2rqd6RB4J46qUR19azEHBneZyTZM+c456qOrbbM/5xcR8huNCCcbVt7+UmizG6GuUvPvKUYg=="],

    "JSV": ["JSV@4.0.2", "", {}, "sha512-ZJ6wx9xaKJ3yFUhq5/sk82PJMuUyLk277I8mQeyDgCTjGdjWJIvPfaU5LIXaMuaN2UO1X3kZH4+lgphublZUHw=="],

    "ajv": ["ajv@8.11.0", "", { "dependencies": { "fast-deep-equal": "^3.1.1", "json-schema-traverse": "^1.0.0", "require-from-string": "^2.0.2", "uri-js": "^4.2.2" } }, "sha512-wGgprdCvMalC0BztXvitD2hC04YffAvtsUn93JbGXYLAtCUO4xd17mCCZQxUOItiBwZvJScWo8NIvQMQ71rdpg=="],

    "ajv-draft-04": ["ajv-draft-04@1.0.0", "", { "peerDependencies": { "ajv": "^8.5.0" } }, "sha512-mv00Te6nmYbRp5DCwclxtt7yV/joXJPGS7nM+97GdxvuttCOfgI3K4U25zboyeX0O+myI8ERluxQe5wljMmVIw=="],

    "ansi-regex": ["ansi-regex@5.0.1", "", {}, "sha512-quJQXlTSUGL2LH9SUXo8VwsY4soanhgo6LNSm84E1LBcE8s3O0wpdiRzyR9z/ZZJMlMWv37qOOb9pdJlMUEKFQ=="],

    "ansi-styles": ["ansi-styles@4.3.0", "", { "dependencies": { "color-convert": "^2.0.1" } }, "sha512-zbB9rCJAT1rbjiVDb2hqKFHNYLxgtk8NURxZ3IZwD3F6NtxbXZQCnnSi1Lkx+IDohdPlFp222wVALIheZJQSEg=="],

    "argparse": ["argparse@1.0.10", "", { "dependencies": { "sprintf-js": "~1.0.2" } }, "sha512-o5Roy6tNG4SL/FOkCAN6RzjiakZS25RLYFrcMttJqbdd8BWrnA+fGz57iN5Pb06pvBGvl5gQ0B48dJlslXvoTg=="],

    "call-me-maybe": ["call-me-maybe@1.0.1", "", {}, "sha512-wCyFsDQkKPwwF8BDwOiWNx/9K45L/hvggQiDbve+viMNMQnWhrlYIuBk09offfwCRtCO9P6XwUttufzU11WCVw=="],

    "camelcase": ["camelcase@5.3.1", "", {}, "sha512-L28STB170nwWS63UjtlEOE3dldQApaJXZkOI1uMFfzf3rRuPegHaHesyee+YxQ+W6SvRDQV6UrdOdRiR153wJg=="],

    "chalk": ["chalk@4.1.2", "", { "dependencies": { "ansi-styles": "^4.1.0", "supports-color": "^7.1.0" } }, "sha512-oKnbhFyRIXpUuez8iBMmyEa4nbj4IOQyuhc/wy9kY7/WVPcwIO9VA668Pu8RkO7+0G76SLROeyw9CpQ061i4mA=="],

    "cliui": ["cliui@6.0.0", "", { "dependencies": { "string-width": "^4.2.0", "strip-ansi": "^6.0.0", "wrap-ansi": "^6.2.0" } }, "sha512-t6wbgtoCXvAzst7QgXxJYqPt0usEfbgQdftEPbLL/cvv6HPE5VgvqCuAIDR0NgU52ds6rFwqrgakNLrHEjCbrQ=="],

    "color-convert": ["color-convert@2.0.1", "", { "dependencies": { "color-name": "~1.1.4" } }, "sha512-RRECPsj7iu/xb5oKYcsFHSppFNnsj/52OVTRKb4zP5onXwVF3zVmmToNcOfGC+CRDpfK/U584fMg38ZHCaElKQ=="],

    "color-name": ["color-name@1.1.4", "", {}, "sha512-dOy+3AuW3a2wNbZHIuMZpTcgjGuLU/uBL/ubcZF9OXbDo8ff4O8yVp5Bf0efS8uEoYo5q4Fx7dY9OgQGXgAsQA=="],

    "colors": ["colors@1.4.0", "", {}, "sha512-a+UqTh4kgZg/SlGvfbzDHpgRu7AAQOmmqRHJnxhRZICKFUT91brVhNNt58CMWU9PsBbv3PDCZUHbVxuDiH2mtA=="],

    "commander": ["commander@9.4.0", "", {}, "sha512-sRPT+umqkz90UA8M1yqYfnHlZA7fF6nSphDtxeywPZ49ysjxDQybzk13CL+mXekDRG92skbcqCLVovuCusNmFw=="],

    "decamelize": ["decamelize@1.2.0", "", {}, "sha512-z2S+W9X73hAUUki+N+9Za2lBlun89zigOyGrsax+KUQ6wKW4ZoWpEYBkGhQjwAjjDCkWxhY0VKEhk8wzY7F5cA=="],

    "emoji-regex": ["emoji-regex@8.0.0", "", {}, "sha512-MSjYzcWNOA0ewAHpz0MxpYFvwg6yjy1NG3xteoqz644VCo/RPgnr1/GGt+ic3iJTzQ8Eu3TdM14SawnVUmGE6A=="],

    "esprima": ["esprima@4.0.1", "", { "bin": { "esparse": "bin/esparse.js", "esvalidate": "bin/esvalidate.js" } }, "sha512-eGuFFw7Upda+g4p+QHvnW0RyTX/SVeJBDM/gCtMARO0cLuT2HcEKnTPvhjV6aGeqrCB/sbNop0Kszm0jsaWU4A=="],

    "fast-deep-equal": ["fast-deep-equal@3.1.3", "", {}, "sha512-f3qQ9oQy9j2AhBe/H9VC91wLmKBCCU/gDOnKNAYG5hswO7BLKj09Hc5HYNz9cGI++xlpDCIgDaitVs03ATR84Q=="],

    "find-up": ["find-up@4.1.0", "", { "dependencies": { "locate-path": "^5.0.0", "path-exists": "^4.0.0" } }, "sha512-PpOwAdQ/YlXQ2vj8a3h8IipDuYRi3wceVQQGYWxNINccq40Anw7BlsEXCMbt1Zt+OLA6Fq9suIpIWD0OsnISlw=="],

    "get-caller-file": ["get-caller-file@2.0.5", "", {}, "sha512-DyFP3BM/3YHTQOCUL/w0OZHR0lpKeGrxotcHWcqNEdnltqFwXVfhEBQ94eIo34AfQpo0rGki4cyIiftY06h2Fg=="],

    "has-color": ["has-color@0.1.7", "", {}, "sha512-kaNz5OTAYYmt646Hkqw50/qyxP2vFnTVu5AQ1Zmk22Kk5+4Qx6BpO8+u7IKsML5fOsFk0ZT0AcCJNYwcvaLBvw=="],

    "has-flag": ["has-flag@4.0.0", "", {}, "sha512-EykJT/Q1KjTWctppgIAgfSO0tKVuZUjhgMr17kqTumMl6Afv3EISleU7qZUzoXDFTAHTDC4NOoG/ZxU3EvlMPQ=="],

    "is-fullwidth-code-point": ["is-fullwidth-code-point@3.0.0", "", {}, "sha512-zymm5+u+sCsSWyD9qNaejV3DFvhCKclKdizYaJUuHA83RLjb7nSuGnddCHGv0hk+KY7BMAlsWeK4Ueg6EV6XQg=="],

    "js-yaml": ["js-yaml@3.14.2", "", { "dependencies": { "argparse": "^1.0.7", "esprima": "^4.0.0" }, "bin": "bin/js-yaml.js" }, "sha512-PMSmkqxr106Xa156c2M265Z+FTrPl+oxd/rgOQy2tijQeK5TxQ43psO1ZCwhVOSdnn+RzkzlRz/eY4BgJBYVpg=="],

    "json-schema-traverse": ["json-schema-traverse@1.0.0", "", {}, "sha512-NM8/P9n3XjXhIZn1lLhkFaACTOURQXjWhV4BA/RnOv8xvgqtqpAX9IO4mRQxSx1Rlo4tqzeqb0sOlruaOy3dug=="],

    "jsonlint": ["jsonlint@1.6.3", "", { "dependencies": { "JSV": "^4.0.x", "nomnom": "^1.5.x" }, "bin": "lib/cli.js" }, "sha512-jMVTMzP+7gU/IyC6hvKyWpUU8tmTkK5b3BPNuMI9U8Sit+YAWLlZwB6Y6YrdCxfg2kNz05p3XY3Bmm4m26Nv3A=="],

    "jsonminify": ["jsonminify@0.4.2", "", {}, "sha512-mEtP5ECD0293D+s45JhDutqF5mFCkWY8ClrPFxjSFR2KUoantofky7noSzyKnAnD9Gd8pXHZSUd5bgzLDUBbfA=="],

    "locate-path": ["locate-path@5.0.0", "", { "dependencies": { "p-locate": "^4.1.0" } }, "sha512-t7hw9pI+WvuwNJXwk5zVHpyhIqzg2qTlklJOf0mVxGSbe3Fp2VieZcduNYjaLDoy6p9uGpQEGWG87WpMKlNq8g=="],

    "mjson": ["mjson@0.4.2", "", { "dependencies": { "colors": "*", "commander": "*", "jsonlint": "*", "jsonminify": "*" }, "os": [ "linux", "darwin", ], "bin": { "mjson.js": "index.js" } }, "sha512-vZ94XsVKMWTBjqD2zGbWDags2ldYgamXTgC2ppioUk36s+hm6xV63fyHa3Xt+udIdkP4jZ/Daksr1A97JkmUgw=="],

    "nomnom": ["nomnom@1.8.1", "", { "dependencies": { "chalk": "~0.4.0", "underscore": "~1.6.0" } }, "sha512-5s0JxqhDx9/rksG2BTMVN1enjWSvPidpoSgViZU4ZXULyTe+7jxcCRLB6f42Z0l1xYJpleCBtSyY6Lwg3uu5CQ=="],

    "openapi-types": ["openapi-types@7.2.3", "", {}, "sha512-olbaNxz12R27+mTyJ/ZAFEfUruauHH27AkeQHDHRq5AF0LdNkK1SSV7EourXQDK+4aX7dv2HtyirAGK06WMAsA=="],

    "p-limit": ["p-limit@2.3.0", "", { "dependencies": { "p-try": "^2.0.0" } }, "sha512-//88mFWSJx8lxCzwdAABTJL2MyWB12+eIY7MDL2SqLmAkeKU9qxRvWuSyTjm3FUmpBEMuFfckAIqEaVGUDxb6w=="],

    "p-locate": ["p-locate@4.1.0", "", { "dependencies": { "p-limit": "^2.2.0" } }, "sha512-R79ZZ/0wAxKGu3oYMlz8jy/kbhsNrS7SKZ7PxEHBgJ5+F2mtFW2fK2cOtBh1cHYkQsbzFV7I+EoRKe6Yt0oK7A=="],

    "p-try": ["p-try@2.2.0", "", {}, "sha512-R4nPAVTAU0B9D35/Gk3uJf/7XYbQcyohSKdvAxIRSNghFl4e71hVoGnBNQz9cWaXxO2I10KTC+3jMdvvoKw6dQ=="],

    "path-exists": ["path-exists@4.0.0", "", {}, "sha512-ak9Qy5Q7jYb2Wwcey5Fpvg2KoAc/ZIhLSLOSBmRmygPsGwkVVt0fZa0qrtMz+m6tJTAHfZQ8FnmB4MG4LWy7/w=="],

    "punycode": ["punycode@2.1.1", "", {}, "sha512-XRsRjdf+j5ml+y/6GKHPZbrF/8p2Yga0JPtdqTIY2Xe5ohJPD9saDJJLPvp9+NSBprVvevdXZybnj2cv8OEd0A=="],

    "require-directory": ["require-directory@2.1.1", "", {}, "sha512-fGxEI7+wsG9xrvdjsrlmL22OMTTiHRwAMroiEeMgq8gzoLC/PQr7RsRDSTLUg/bZAZtF+TVIkHc6/4RIKrui+Q=="],

    "require-from-string": ["require-from-string@2.0.2", "", {}, "sha512-Xf0nWe6RseziFMu+Ap9biiUbmplq6S9/p+7w7YXP/JBHhrUDDUhwa+vANyubuqfZWTveU//DYVGsDG7RKL/vEw=="],

    "require-main-filename": ["require-main-filename@2.0.0", "", {}, "sha512-NKN5kMDylKuldxYLSUfrbo5Tuzh4hd+2E8NPPX02mZtn1VuREQToYe/ZdlJy+J3uCpfaiGF05e7B8W0iXbQHmg=="],

    "set-blocking": ["set-blocking@2.0.0", "", {}, "sha512-KiKBS8AnWGEyLzofFfmvKwpdPzqiy16LvQfK3yv/fVH7Bj13/wl3JSR1J+rfgRE9q7xUJK4qvgS8raSOeLUehw=="],

    "sprintf-js": ["sprintf-js@1.0.3", "", {}, "sha512-D9cPgkvLlV3t3IzL0D0YLvGA9Ahk4PcvVwUbN0dSGr1aP0Nrt4AEnTUbuGvquEC0mA64Gqt1fzirlRs5ibXx8g=="],

    "string-width": ["string-width@4.2.3", "", { "dependencies": { "emoji-regex": "^8.0.0", "is-fullwidth-code-point": "^3.0.0", "strip-ansi": "^6.0.1" } }, "sha512-wKyQRQpjJ0sIp62ErSZdGsjMJWsap5oRNihHhu6G7JVO/9jIB6UyevL+tXuOqrng8j/cxKTWyWUwvSTriiZz/g=="],

    "strip-ansi": ["strip-ansi@0.1.1", "", { "bin": "cli.js" }, "sha512-behete+3uqxecWlDAm5lmskaSaISA+ThQ4oNNBDTBJt0x2ppR6IPqfZNuj6BLaLJ/Sji4TPZlcRyOis8wXQTLg=="],

    "supports-color": ["supports-color@7.2.0", "", { "dependencies": { "has-flag": "^4.0.0" } }, "sha512-qpCAvRl9stuOHveKsn7HncJRvv501qIacKzQlO/+Lwxc9+0q2wLyv4Dfvt80/DPn2pqOBsJdDiogXGR9+OvwRw=="],

    "swagger-cli": ["swagger-cli@4.0.4", "", { "dependencies": { "@apidevtools/swagger-cli": "4.0.4" }, "bin": "swagger-cli.js" }, "sha512-Cp8YYuLny3RJFQ4CvOBTaqmOOgYsem52dPx1xM5S4EUWFblIh2Q8atppMZvXKUr1e9xH5RwipYpmdUzdPcxWcA=="],

    "underscore": ["underscore@1.6.0", "", {}, "sha512-z4o1fvKUojIWh9XuaVLUDdf86RQiq13AC1dmHbTpoyuu+bquHms76v16CjycCbec87J7z0k//SiQVk0sMdFmpQ=="],

    "uri-js": ["uri-js@4.4.1", "", { "dependencies": { "punycode": "^2.1.0" } }, "sha512-7rKUyy33Q1yc98pQ1DAmLtwX109F7TIfWlW1Ydo8Wl1ii1SeHieeh0HHfPeL2fMXK6z0s8ecKs9frCuLJvndBg=="],

    "which-module": ["which-module@2.0.0", "", {}, "sha512-B+enWhmw6cjfVC7kS8Pj9pCrKSc5txArRyaYGe088shv/FGWH+0Rjx/xPgtsWfsUtS27FkP697E4DDhgrgoc0Q=="],

    "wrap-ansi": ["wrap-ansi@6.2.0", "", { "dependencies": { "ansi-styles": "^4.0.0", "string-width": "^4.1.0", "strip-ansi": "^6.0.0" } }, "sha512-r6lPcBGxZXlIcymEu7InxDMhdW0KDxpLgoFLcguasxCaJ/SOIZwINatK9KY/tf+ZrlywOKU0UDj3ATXUBfxJXA=="],

    "y18n": ["y18n@4.0.3", "", {}, "sha512-JKhqTOwSrqNA1NY5lSztJ1GrBiUodLMmIZuLiDaMRJ+itFd+ABVE8XBjOvIWL+rSqNDC74LCSFmlb/U4UZ4hJQ=="],

    "yargs": ["yargs@15.4.1", "", { "dependencies": { "cliui": "^6.0.0", "decamelize": "^1.2.0", "find-up": "^4.1.0", "get-caller-file": "^2.0.1", "require-directory": "^2.1.1", "require-main-filename": "^2.0.0", "set-blocking": "^2.0.0", "string-width": "^4.2.0", "which-module": "^2.0.0", "y18n": "^4.0.0", "yargs-parser": "^18.1.2" } }, "sha512-aePbxDmcYW++PaqBsJ+HYUFwCdv4LVvdnhBy78E57PIor8/OVvhMrADFFEDh8DHDFRv/O9i3lPhsENjO7QX0+A=="],

    "yargs-parser": ["yargs-parser@18.1.3", "", { "dependencies": { "camelcase": "^5.0.0", "decamelize": "^1.2.0" } }, "sha512-o50j0JeToy/4K6OZcaQmW6lyXXKhq7csREXcDwk2omFPJEwUNOVtJKvmDr9EI1fAJZUyZcRF7kxGBWmRXudrCQ=="],

    "cliui/strip-ansi": ["strip-ansi@6.0.1", "", { "dependencies": { "ansi-regex": "^5.0.1" } }, "sha512-Y38VPSHcqkFrCpFnQ9vuSXmquuv5oXOKpGeT6aGrr3o3Gc9AlVa6JBfUSOCnbxGGZF+/0ooI7KrPuUSztUdU5A=="],

    "nomnom/chalk": ["chalk@0.4.0", "", { "dependencies": { "ansi-styles": "~1.0.0", "has-color": "~0.1.0", "strip-ansi": "~0.1.0" } }, "sha512-sQfYDlfv2DGVtjdoQqxS0cEZDroyG8h6TamA6rvxwlrU5BaSLDx9xhatBYl2pxZ7gmpNaPFVwBtdGdu5rQ+tYQ=="],

    "string-width/strip-ansi": ["strip-ansi@6.0.1", "", { "dependencies": { "ansi-regex": "^5.0.1" } }, "sha512-Y38VPSHcqkFrCpFnQ9vuSXmquuv5oXOKpGeT6aGrr3o3Gc9AlVa6JBfUSOCnbxGGZF+/0ooI7KrPuUSztUdU5A=="],

    "wrap-ansi/strip-ansi": ["strip-ansi@6.0.1", "", { "dependencies": { "ansi-regex": "^5.0.1" } }, "sha512-Y38VPSHcqkFrCpFnQ9vuSXmquuv5oXOKpGeT6aGrr3o3Gc9AlVa6JBfUSOCnbxGGZF+/0ooI7KrPuUSztUdU5A=="],

    "nomnom/chalk/ansi-styles": ["ansi-styles@1.0.0", "", {}, "sha512-3iF4FIKdxaVYT3JqQuY3Wat/T2t7TRbbQ94Fu50ZUCbLy4TFbTzr90NOHQodQkNqmeEGCw8WbeP78WNi6SKYUA=="],
  }
}
